
Microsoft Visual Studio Solution File, Format Version 12.00
# Visual Studio Version 16
VisualStudioVersion = 16.0.29009.5
MinimumVisualStudioVersion = 10.0.40219.1
Project("{FAE04EC0-301F-11D3-BF4B-00C04F79EFBC}") = "CompressionLzma", "CompressionLzma\CompressionLzma.csproj", "{806EF17C-FC03-4CF2-9FAB-B8608D52EBC4}"
EndProject
Global
	GlobalSection(SolutionConfigurationPlatforms) = preSolution
		Debug|Any CPU = Debug|Any CPU
		Release|Any CPU = Release|Any CPU
	EndGlobalSection
	GlobalSection(ProjectConfigurationPlatforms) = postSolution
		{806EF17C-FC03-4CF2-9FAB-B8608D52EBC4}.Debug|Any CPU.ActiveCfg = Debug|Any CPU
		{806EF17C-FC03-4CF2-9FAB-B8608D52EBC4}.Debug|Any CPU.Build.0 = Debug|Any CPU
		{806EF17C-FC03-4CF2-9FAB-B8608D52EBC4}.Release|Any CPU.ActiveCfg = Release|Any CPU
		{806EF17C-FC03-4CF2-9FAB-B8608D52EBC4}.Release|Any CPU.Build.0 = Release|Any CPU
	EndGlobalSection
	GlobalSection(SolutionProperties) = preSolution
		HideSolutionNode = FALSE
	EndGlobalSection
	GlobalSection(ExtensibilityGlobals) = postSolution
		SolutionGuid = {4A0A6063-0213-4BF5-B818-6A9D86626101}
	EndGlobalSection
EndGlobal
